# THIS IS AN AUTOGENERATED FILE. DO NOT EDIT THIS FILE DIRECTLY.
# yarn lockfile v1


"@redirection.io/wasm@^0.1.1":
  version "0.1.1"
  resolved "https://registry.yarnpkg.com/@redirection.io/wasm/-/wasm-0.1.1.tgz#9f424e3d25ad49adc13eb0f130c496b22b1241b6"
  integrity sha512-Pq8CejYbI9klGZwBEnpYpQgdar9vqKqqUcJT0VBZuFboffCK2YVSqFouwBdjXx9g667Im4UK2Vw6boJEkOc6eA==

"@vercel/edge@^1.1.1":
  version "1.1.1"
  resolved "https://registry.yarnpkg.com/@vercel/edge/-/edge-1.1.1.tgz#9b2fc0081dfe95db8b4c3598275721b1ad85e43f"
  integrity sha512-NtKiIbn9Cq6HWGy+qRudz28mz5nxfOJWls5Pnckjw1yCfSX8rhXdvY/il3Sy3Zd5n/sKCM2h7VSCCpJF/oaDrQ==
