# THIS IS AN AUTOGENERATED FILE. DO NOT EDIT THIS FILE DIRECTLY.
# yarn lockfile v1


"@redirection.io/redirectionio@^2.11.8":
  version "2.11.8"
  resolved "https://registry.yarnpkg.com/@redirection.io/redirectionio/-/redirectionio-2.11.8.tgz#9d92ec19f51a6f63e482e973657097c1a18f781e"
  integrity sha512-2FJ9FcrZLDbi3BX9cHVIu0PgwHfnsfEEFDFODhJM1aKtftTLgwQrhrBZQGIcbQHhK1zn2AJqyrOZfcFs6hEdzA==

"@vercel/edge@^1.1.1":
  version "1.1.1"
  resolved "https://registry.yarnpkg.com/@vercel/edge/-/edge-1.1.1.tgz#9b2fc0081dfe95db8b4c3598275721b1ad85e43f"
  integrity sha512-NtKiIbn9Cq6HWGy+qRudz28mz5nxfOJWls5Pnckjw1yCfSX8rhXdvY/il3Sy3Zd5n/sKCM2h7VSCCpJF/oaDrQ==
