# THIS IS AN AUTOGENERATED FILE. DO NOT EDIT THIS FILE DIRECTLY.
# yarn lockfile v1


"@redirection.io/redirectionio@^2.11.1":
  version "2.11.1"
  resolved "https://registry.yarnpkg.com/@redirection.io/redirectionio/-/redirectionio-2.11.1.tgz#546b8132c6940c929fa3b0a2069bb3a0d60df4ff"
  integrity sha512-G+0nIxCtbKf+UJxGDe6tD9yrfEvYEMCYIeumAuN5J2/rPqgQ5W0pH77T36WUMpeYIsPBqc7ClIxnU4eyH7BZJg==

"@vercel/edge@^1.1.1":
  version "1.1.1"
  resolved "https://registry.yarnpkg.com/@vercel/edge/-/edge-1.1.1.tgz#9b2fc0081dfe95db8b4c3598275721b1ad85e43f"
  integrity sha512-NtKiIbn9Cq6HWGy+qRudz28mz5nxfOJWls5Pnckjw1yCfSX8rhXdvY/il3Sy3Zd5n/sKCM2h7VSCCpJF/oaDrQ==
